{
    "_meta": {
        "hash": {
            "sha256": "980295fba7e136832c1db014276fd0973b73c2ac91d3524d05cc10771a0afa26"
        },
        "pipfile-spec": 6,
        "requires": {
            "python_version": "3.6"
        },
        "sources": [
            {
                "name": "pypi",
                "url": "https://pypi.python.org/simple",
                "verify_ssl": true
            }
        ]
    },
    "default": {
        "kazoo": {
            "hashes": [
                "sha256:8db774f7bdece7d0dc7decb21539ff0852e42c2ffe1c28d7f1ff6f9292a1c3a4",
                "sha256:a5fa2e400c5068cfee9e86b35cf0dab8232b574152d8e3590d823b3e2426ab5e"
            ],
            "version": "==2.5.0"
        },
        "pykafka": {
            "hashes": [
                "sha256:6b075909a52cb0c95325bc16ab797bbcdbb37386652ea460705ed4472ce91459",
                "sha256:f0bbd394ae6970042a587c99fe4dc0966e67787249d963d4ce2f810dc9490577"
            ],
            "index": "pypi",
            "version": "==2.8.0"
        },
        "six": {
            "hashes": [
                "sha256:3350809f0555b11f552448330d0b52d5f24c91a322ea4a15ef22629740f3761c",
                "sha256:d16a0141ec1a18405cd4ce8b4613101da75da0e9a7aec5bdd4fa804d0e0eba73"
            ],
            "version": "==1.12.0"
        },
        "tabulate": {
            "hashes": [
                "sha256:e4ca13f26d0a6be2a2915428dc21e732f1e44dad7f76d7030b2ef1ec251cf7f2"
            ],
            "version": "==0.8.2"
        }
    },
    "develop": {}
}
